// !$*UTF8*$!
{
	archiveVersion = 1;
	classes = {
	};
	objectVersion = 56;
	objects = {

/* Begin PBXBuildFile section */
		196DFA622C90078D006890A0 /* CategorySectionView.swift in Sources */ = {isa = PBXBuildFile; fileRef = 196DFA612C90078D006890A0 /* CategorySectionView.swift */; };
		196DFA642C900A03006890A0 /* HomeViewModel.swift in Sources */ = {isa = PBXBuildFile; fileRef = 196DFA632C900A03006890A0 /* HomeViewModel.swift */; };
		196DFA662C903251006890A0 /* ViewAllView.swift in Sources */ = {isa = PBXBuildFile; fileRef = 196DFA652C903251006890A0 /* ViewAllView.swift */; };
		196DFA682C903887006890A0 /* BottomBarView.swift in Sources */ = {isa = PBXBuildFile; fileRef = 196DFA672C903887006890A0 /* BottomBarView.swift */; };
		1994C0F82C89809B004EF663 /* HomeView.swift in Sources */ = {isa = PBXBuildFile; fileRef = 1994C0F72C89809B004EF663 /* HomeView.swift */; };
		1994C1012C898732004EF663 /* CustomColors.swift in Sources */ = {isa = PBXBuildFile; fileRef = 1994C1002C898732004EF663 /* CustomColors.swift */; };
		19A159DC2C897F5E0025681C /* SplashscreenView.swift in Sources */ = {isa = PBXBuildFile; fileRef = 19A159DA2C897F5E0025681C /* SplashscreenView.swift */; };
		19BE73A52C8AC92200C4E82D /* CartItem.swift in Sources */ = {isa = PBXBuildFile; fileRef = 19BE73A42C8AC92200C4E82D /* CartItem.swift */; };
		7127D1802C8D52BB00B779CC /* OrderInfoView.swift in Sources */ = {isa = PBXBuildFile; fileRef = 7127D17F2C8D52BB00B779CC /* OrderInfoView.swift */; };
		7127D1822C8D52E000B779CC /* OrderItemCardView.swift in Sources */ = {isa = PBXBuildFile; fileRef = 7127D1812C8D52E000B779CC /* OrderItemCardView.swift */; };
		8A4A02392C8A0A55004CF016 /* FirebaseAnalytics in Frameworks */ = {isa = PBXBuildFile; productRef = 8A4A02382C8A0A55004CF016 /* FirebaseAnalytics */; };
		8A4A023C2C8A0C30004CF016 /* FirebaseAuth in Frameworks */ = {isa = PBXBuildFile; productRef = 8A4A023B2C8A0C30004CF016 /* FirebaseAuth */; };
		8A4A02422C8A1093004CF016 /* GlobalUtils.swift in Sources */ = {isa = PBXBuildFile; fileRef = 8A4A02412C8A1093004CF016 /* GlobalUtils.swift */; };
		8A4A02442C8A13B7004CF016 /* AppUser.swift in Sources */ = {isa = PBXBuildFile; fileRef = 8A4A02432C8A13B7004CF016 /* AppUser.swift */; };
		8A7B27FF2C8C8B47005A652C /* BusinessError.swift in Sources */ = {isa = PBXBuildFile; fileRef = 8A7B27FE2C8C8B47005A652C /* BusinessError.swift */; };
		8A7B28012C8C935B005A652C /* OrderPriceInformation.swift in Sources */ = {isa = PBXBuildFile; fileRef = 8A7B28002C8C935B005A652C /* OrderPriceInformation.swift */; };
		8A7B280C2C8CA5F4005A652C /* ImageUploadViewModel.swift in Sources */ = {isa = PBXBuildFile; fileRef = 8A7B280B2C8CA5F4005A652C /* ImageUploadViewModel.swift */; };
		8A7B280E2C8CA617005A652C /* ImageUploadView.swift in Sources */ = {isa = PBXBuildFile; fileRef = 8A7B280D2C8CA617005A652C /* ImageUploadView.swift */; };
		8A7B28102C8CA6D9005A652C /* FirebaseStorage in Frameworks */ = {isa = PBXBuildFile; productRef = 8A7B280F2C8CA6D9005A652C /* FirebaseStorage */; };
		8A7B28122C8CA850005A652C /* ImagePickerView.swift in Sources */ = {isa = PBXBuildFile; fileRef = 8A7B28112C8CA850005A652C /* ImagePickerView.swift */; };
		8A7B28152C8CAB9F005A652C /* FacebookCore in Frameworks */ = {isa = PBXBuildFile; productRef = 8A7B28142C8CAB9F005A652C /* FacebookCore */; };
		8A7B28172C8CAB9F005A652C /* FacebookLogin in Frameworks */ = {isa = PBXBuildFile; productRef = 8A7B28162C8CAB9F005A652C /* FacebookLogin */; };
		8A852F752C8F411300071F3F /* MockDataUtil.swift in Sources */ = {isa = PBXBuildFile; fileRef = 8A852F742C8F411300071F3F /* MockDataUtil.swift */; };
		8AEB8BD72C8B5DD8002AA1B7 /* GoogleSignIn in Frameworks */ = {isa = PBXBuildFile; productRef = 8AEB8BD62C8B5DD8002AA1B7 /* GoogleSignIn */; };
		8AEB8BD92C8B5DD8002AA1B7 /* GoogleSignInSwift in Frameworks */ = {isa = PBXBuildFile; productRef = 8AEB8BD82C8B5DD8002AA1B7 /* GoogleSignInSwift */; };
		8AEB8BDE2C8B6214002AA1B7 /* TopViewController.swift in Sources */ = {isa = PBXBuildFile; fileRef = 8AEB8BDD2C8B6214002AA1B7 /* TopViewController.swift */; };
		8AEB8BE02C8B76EB002AA1B7 /* GoogleService-Info.plist in Resources */ = {isa = PBXBuildFile; fileRef = 8AEB8BDF2C8B76EB002AA1B7 /* GoogleService-Info.plist */; };
		8AEB8BE32C8B779D002AA1B7 /* LoginViewModel.swift in Sources */ = {isa = PBXBuildFile; fileRef = 8AEB8BE22C8B779D002AA1B7 /* LoginViewModel.swift */; };
		8AEB8BE52C8B90C2002AA1B7 /* FirebaseFirestore in Frameworks */ = {isa = PBXBuildFile; productRef = 8AEB8BE42C8B90C2002AA1B7 /* FirebaseFirestore */; };
		8AEB8BE72C8B9338002AA1B7 /* UserService.swift in Sources */ = {isa = PBXBuildFile; fileRef = 8AEB8BE62C8B9338002AA1B7 /* UserService.swift */; };
		8AEB8BE92C8B963F002AA1B7 /* RegistrationViewModel.swift in Sources */ = {isa = PBXBuildFile; fileRef = 8AEB8BE82C8B963F002AA1B7 /* RegistrationViewModel.swift */; };
		8AEB8BED2C8BFA6C002AA1B7 /* CRUDService.swift in Sources */ = {isa = PBXBuildFile; fileRef = 8AEB8BEC2C8BFA6C002AA1B7 /* CRUDService.swift */; };
		8AEB8BF02C8BFDDD002AA1B7 /* FirebaseModel.swift in Sources */ = {isa = PBXBuildFile; fileRef = 8AEB8BEF2C8BFDDD002AA1B7 /* FirebaseModel.swift */; };
		8AEB8BF22C8C07E9002AA1B7 /* Order.swift in Sources */ = {isa = PBXBuildFile; fileRef = 8AEB8BF12C8C07E9002AA1B7 /* Order.swift */; };
		8AEB8BF62C8C0B4B002AA1B7 /* OrderService.swift in Sources */ = {isa = PBXBuildFile; fileRef = 8AEB8BF52C8C0B4B002AA1B7 /* OrderService.swift */; };
		8AEB8BFC2C8C0DAB002AA1B7 /* MedicineService.swift in Sources */ = {isa = PBXBuildFile; fileRef = 8AEB8BFB2C8C0DAB002AA1B7 /* MedicineService.swift */; };
		8AEB8BFE2C8C1103002AA1B7 /* Pharmacy.swift in Sources */ = {isa = PBXBuildFile; fileRef = 8AEB8BFD2C8C1103002AA1B7 /* Pharmacy.swift */; };
		8AEB8C002C8C1162002AA1B7 /* PharmacyService.swift in Sources */ = {isa = PBXBuildFile; fileRef = 8AEB8BFF2C8C1162002AA1B7 /* PharmacyService.swift */; };
		8AEB8C032C8C11F6002AA1B7 /* Cart.swift in Sources */ = {isa = PBXBuildFile; fileRef = 8AEB8C022C8C11F6002AA1B7 /* Cart.swift */; };
		8AEB8C052C8C1579002AA1B7 /* CartService.swift in Sources */ = {isa = PBXBuildFile; fileRef = 8AEB8C042C8C1579002AA1B7 /* CartService.swift */; };
		8AEB8C072C8C1730002AA1B7 /* CartItemService.swift in Sources */ = {isa = PBXBuildFile; fileRef = 8AEB8C062C8C1730002AA1B7 /* CartItemService.swift */; };
		8AEB8C092C8C17AA002AA1B7 /* OrderItem.swift in Sources */ = {isa = PBXBuildFile; fileRef = 8AEB8C082C8C17AA002AA1B7 /* OrderItem.swift */; };
		8AEB8C0B2C8C17EC002AA1B7 /* OrderItemService.swift in Sources */ = {isa = PBXBuildFile; fileRef = 8AEB8C0A2C8C17EC002AA1B7 /* OrderItemService.swift */; };
		8AEB8C0F2C8C1ADB002AA1B7 /* PreviewsUtil.swift in Sources */ = {isa = PBXBuildFile; fileRef = 8AEB8C0E2C8C1ADB002AA1B7 /* PreviewsUtil.swift */; };
		8AEB8C112C8C1D1A002AA1B7 /* CartItemViewModel.swift in Sources */ = {isa = PBXBuildFile; fileRef = 8AEB8C102C8C1D1A002AA1B7 /* CartItemViewModel.swift */; };
		C40879B92C897C6F00829660 /* AuthenticationViewModel.swift in Sources */ = {isa = PBXBuildFile; fileRef = C40879B82C897C6F00829660 /* AuthenticationViewModel.swift */; };
		C40879BD2C897CD500829660 /* CartView.swift in Sources */ = {isa = PBXBuildFile; fileRef = C40879BC2C897CD500829660 /* CartView.swift */; };
		C40879BF2C897CE600829660 /* OrderView.swift in Sources */ = {isa = PBXBuildFile; fileRef = C40879BE2C897CE600829660 /* OrderView.swift */; };
		C40879C12C897D1300829660 /* AuthenticationService.swift in Sources */ = {isa = PBXBuildFile; fileRef = C40879C02C897D1300829660 /* AuthenticationService.swift */; };
		C48032892C88498200E662AE /* pharmacist_projectApp.swift in Sources */ = {isa = PBXBuildFile; fileRef = C48032882C88498200E662AE /* pharmacist_projectApp.swift */; };
		C480328B2C88498200E662AE /* ContentView.swift in Sources */ = {isa = PBXBuildFile; fileRef = C480328A2C88498200E662AE /* ContentView.swift */; };
		C480328D2C88498400E662AE /* Assets.xcassets in Resources */ = {isa = PBXBuildFile; fileRef = C480328C2C88498400E662AE /* Assets.xcassets */; };
		C48032902C88498400E662AE /* Preview Assets.xcassets in Resources */ = {isa = PBXBuildFile; fileRef = C480328F2C88498400E662AE /* Preview Assets.xcassets */; };
		C480329E2C884FFB00E662AE /* LoginView.swift in Sources */ = {isa = PBXBuildFile; fileRef = C480329D2C884FFB00E662AE /* LoginView.swift */; };
		C48032A02C8850F300E662AE /* RegistrationView.swift in Sources */ = {isa = PBXBuildFile; fileRef = C480329F2C8850F300E662AE /* RegistrationView.swift */; };
		C4F06C142C8AC5F700BDB1F8 /* HorizontalProductItemCardView.swift in Sources */ = {isa = PBXBuildFile; fileRef = C4F06C132C8AC5F700BDB1F8 /* HorizontalProductItemCardView.swift */; };
		C4F06C162C8AC66800BDB1F8 /* VerticalProductItemCardView.swift in Sources */ = {isa = PBXBuildFile; fileRef = C4F06C152C8AC66800BDB1F8 /* VerticalProductItemCardView.swift */; };
		C4F06C182C8ACB7C00BDB1F8 /* Medicine.swift in Sources */ = {isa = PBXBuildFile; fileRef = C4F06C172C8ACB7C00BDB1F8 /* Medicine.swift */; };
		C4F06C1A2C8AE0DC00BDB1F8 /* Currency.swift in Sources */ = {isa = PBXBuildFile; fileRef = C4F06C192C8AE0DC00BDB1F8 /* Currency.swift */; };
		C4F06C1D2C8AFC7900BDB1F8 /* CartItemCardView.swift in Sources */ = {isa = PBXBuildFile; fileRef = C4F06C1C2C8AFC7900BDB1F8 /* CartItemCardView.swift */; };
		C4F06C1F2C8AFC8000BDB1F8 /* AddToCartButtonView.swift in Sources */ = {isa = PBXBuildFile; fileRef = C4F06C1E2C8AFC8000BDB1F8 /* AddToCartButtonView.swift */; };
		C4F06C212C8B17BD00BDB1F8 /* OrderSummaryCardView.swift in Sources */ = {isa = PBXBuildFile; fileRef = C4F06C202C8B17BD00BDB1F8 /* OrderSummaryCardView.swift */; };
/* End PBXBuildFile section */

/* Begin PBXFileReference section */
		196DFA612C90078D006890A0 /* CategorySectionView.swift */ = {isa = PBXFileReference; lastKnownFileType = sourcecode.swift; path = CategorySectionView.swift; sourceTree = "<group>"; };
		196DFA632C900A03006890A0 /* HomeViewModel.swift */ = {isa = PBXFileReference; lastKnownFileType = sourcecode.swift; path = HomeViewModel.swift; sourceTree = "<group>"; };
		196DFA652C903251006890A0 /* ViewAllView.swift */ = {isa = PBXFileReference; lastKnownFileType = sourcecode.swift; path = ViewAllView.swift; sourceTree = "<group>"; };
		196DFA672C903887006890A0 /* BottomBarView.swift */ = {isa = PBXFileReference; lastKnownFileType = sourcecode.swift; path = BottomBarView.swift; sourceTree = "<group>"; };
		1994C0F72C89809B004EF663 /* HomeView.swift */ = {isa = PBXFileReference; lastKnownFileType = sourcecode.swift; path = HomeView.swift; sourceTree = "<group>"; };
		1994C1002C898732004EF663 /* CustomColors.swift */ = {isa = PBXFileReference; lastKnownFileType = sourcecode.swift; path = CustomColors.swift; sourceTree = "<group>"; };
		19A159DA2C897F5E0025681C /* SplashscreenView.swift */ = {isa = PBXFileReference; fileEncoding = 4; lastKnownFileType = sourcecode.swift; path = SplashscreenView.swift; sourceTree = "<group>"; };
		19BE73A22C8AC5DE00C4E82D /* AddToCartButtonView.swift */ = {isa = PBXFileReference; lastKnownFileType = sourcecode.swift; path = AddToCartButtonView.swift; sourceTree = "<group>"; };
		19BE73A42C8AC92200C4E82D /* CartItem.swift */ = {isa = PBXFileReference; lastKnownFileType = sourcecode.swift; path = CartItem.swift; sourceTree = "<group>"; };
		19BE73A62C8AC9F300C4E82D /* CartItemCardView.swift */ = {isa = PBXFileReference; lastKnownFileType = sourcecode.swift; path = CartItemCardView.swift; sourceTree = "<group>"; };
		7127D17F2C8D52BB00B779CC /* OrderInfoView.swift */ = {isa = PBXFileReference; lastKnownFileType = sourcecode.swift; path = OrderInfoView.swift; sourceTree = "<group>"; };
		7127D1812C8D52E000B779CC /* OrderItemCardView.swift */ = {isa = PBXFileReference; lastKnownFileType = sourcecode.swift; path = OrderItemCardView.swift; sourceTree = "<group>"; };
		8A4A02412C8A1093004CF016 /* GlobalUtils.swift */ = {isa = PBXFileReference; lastKnownFileType = sourcecode.swift; path = GlobalUtils.swift; sourceTree = "<group>"; };
		8A4A02432C8A13B7004CF016 /* AppUser.swift */ = {isa = PBXFileReference; lastKnownFileType = sourcecode.swift; path = AppUser.swift; sourceTree = "<group>"; };
		8A7B27FE2C8C8B47005A652C /* BusinessError.swift */ = {isa = PBXFileReference; lastKnownFileType = sourcecode.swift; path = BusinessError.swift; sourceTree = "<group>"; };
		8A7B28002C8C935B005A652C /* OrderPriceInformation.swift */ = {isa = PBXFileReference; lastKnownFileType = sourcecode.swift; path = OrderPriceInformation.swift; sourceTree = "<group>"; };
		8A7B280B2C8CA5F4005A652C /* ImageUploadViewModel.swift */ = {isa = PBXFileReference; lastKnownFileType = sourcecode.swift; path = ImageUploadViewModel.swift; sourceTree = "<group>"; };
		8A7B280D2C8CA617005A652C /* ImageUploadView.swift */ = {isa = PBXFileReference; lastKnownFileType = sourcecode.swift; path = ImageUploadView.swift; sourceTree = "<group>"; };
		8A7B28112C8CA850005A652C /* ImagePickerView.swift */ = {isa = PBXFileReference; lastKnownFileType = sourcecode.swift; path = ImagePickerView.swift; sourceTree = "<group>"; };
		8A7B28182C8CAE0F005A652C /* pharmacist_project.entitlements */ = {isa = PBXFileReference; lastKnownFileType = text.plist.entitlements; path = pharmacist_project.entitlements; sourceTree = "<group>"; };
		8A852F742C8F411300071F3F /* MockDataUtil.swift */ = {isa = PBXFileReference; lastKnownFileType = sourcecode.swift; path = MockDataUtil.swift; sourceTree = "<group>"; };
		8AEB8BDA2C8B5E28002AA1B7 /* pharmacist-project-Info.plist */ = {isa = PBXFileReference; lastKnownFileType = text.plist; path = "pharmacist-project-Info.plist"; sourceTree = SOURCE_ROOT; };
		8AEB8BDD2C8B6214002AA1B7 /* TopViewController.swift */ = {isa = PBXFileReference; lastKnownFileType = sourcecode.swift; path = TopViewController.swift; sourceTree = "<group>"; };
		8AEB8BDF2C8B76EB002AA1B7 /* GoogleService-Info.plist */ = {isa = PBXFileReference; fileEncoding = 4; lastKnownFileType = text.plist.xml; path = "GoogleService-Info.plist"; sourceTree = "<group>"; };
		8AEB8BE22C8B779D002AA1B7 /* LoginViewModel.swift */ = {isa = PBXFileReference; lastKnownFileType = sourcecode.swift; path = LoginViewModel.swift; sourceTree = "<group>"; };
		8AEB8BE62C8B9338002AA1B7 /* UserService.swift */ = {isa = PBXFileReference; lastKnownFileType = sourcecode.swift; path = UserService.swift; sourceTree = "<group>"; };
		8AEB8BE82C8B963F002AA1B7 /* RegistrationViewModel.swift */ = {isa = PBXFileReference; lastKnownFileType = sourcecode.swift; path = RegistrationViewModel.swift; sourceTree = "<group>"; };
		8AEB8BEC2C8BFA6C002AA1B7 /* CRUDService.swift */ = {isa = PBXFileReference; lastKnownFileType = sourcecode.swift; path = CRUDService.swift; sourceTree = "<group>"; };
		8AEB8BEF2C8BFDDD002AA1B7 /* FirebaseModel.swift */ = {isa = PBXFileReference; lastKnownFileType = sourcecode.swift; path = FirebaseModel.swift; sourceTree = "<group>"; };
		8AEB8BF12C8C07E9002AA1B7 /* Order.swift */ = {isa = PBXFileReference; lastKnownFileType = sourcecode.swift; path = Order.swift; sourceTree = "<group>"; };
		8AEB8BF52C8C0B4B002AA1B7 /* OrderService.swift */ = {isa = PBXFileReference; lastKnownFileType = sourcecode.swift; path = OrderService.swift; sourceTree = "<group>"; };
		8AEB8BFB2C8C0DAB002AA1B7 /* MedicineService.swift */ = {isa = PBXFileReference; lastKnownFileType = sourcecode.swift; path = MedicineService.swift; sourceTree = "<group>"; };
		8AEB8BFD2C8C1103002AA1B7 /* Pharmacy.swift */ = {isa = PBXFileReference; lastKnownFileType = sourcecode.swift; path = Pharmacy.swift; sourceTree = "<group>"; };
		8AEB8BFF2C8C1162002AA1B7 /* PharmacyService.swift */ = {isa = PBXFileReference; lastKnownFileType = sourcecode.swift; path = PharmacyService.swift; sourceTree = "<group>"; };
		8AEB8C022C8C11F6002AA1B7 /* Cart.swift */ = {isa = PBXFileReference; lastKnownFileType = sourcecode.swift; path = Cart.swift; sourceTree = "<group>"; };
		8AEB8C042C8C1579002AA1B7 /* CartService.swift */ = {isa = PBXFileReference; lastKnownFileType = sourcecode.swift; path = CartService.swift; sourceTree = "<group>"; };
		8AEB8C062C8C1730002AA1B7 /* CartItemService.swift */ = {isa = PBXFileReference; lastKnownFileType = sourcecode.swift; path = CartItemService.swift; sourceTree = "<group>"; };
		8AEB8C082C8C17AA002AA1B7 /* OrderItem.swift */ = {isa = PBXFileReference; lastKnownFileType = sourcecode.swift; path = OrderItem.swift; sourceTree = "<group>"; };
		8AEB8C0A2C8C17EC002AA1B7 /* OrderItemService.swift */ = {isa = PBXFileReference; lastKnownFileType = sourcecode.swift; path = OrderItemService.swift; sourceTree = "<group>"; };
		8AEB8C0E2C8C1ADB002AA1B7 /* PreviewsUtil.swift */ = {isa = PBXFileReference; lastKnownFileType = sourcecode.swift; path = PreviewsUtil.swift; sourceTree = "<group>"; };
		8AEB8C102C8C1D1A002AA1B7 /* CartItemViewModel.swift */ = {isa = PBXFileReference; lastKnownFileType = sourcecode.swift; path = CartItemViewModel.swift; sourceTree = "<group>"; };
		C40879B82C897C6F00829660 /* AuthenticationViewModel.swift */ = {isa = PBXFileReference; lastKnownFileType = sourcecode.swift; path = AuthenticationViewModel.swift; sourceTree = "<group>"; };
		C40879BC2C897CD500829660 /* CartView.swift */ = {isa = PBXFileReference; lastKnownFileType = sourcecode.swift; path = CartView.swift; sourceTree = "<group>"; };
		C40879BE2C897CE600829660 /* OrderView.swift */ = {isa = PBXFileReference; lastKnownFileType = sourcecode.swift; path = OrderView.swift; sourceTree = "<group>"; };
		C40879C02C897D1300829660 /* AuthenticationService.swift */ = {isa = PBXFileReference; lastKnownFileType = sourcecode.swift; path = AuthenticationService.swift; sourceTree = "<group>"; };
		C48032852C88498200E662AE /* pharmacist_project.app */ = {isa = PBXFileReference; explicitFileType = wrapper.application; includeInIndex = 0; path = pharmacist_project.app; sourceTree = BUILT_PRODUCTS_DIR; };
		C48032882C88498200E662AE /* pharmacist_projectApp.swift */ = {isa = PBXFileReference; lastKnownFileType = sourcecode.swift; path = pharmacist_projectApp.swift; sourceTree = "<group>"; };
		C480328A2C88498200E662AE /* ContentView.swift */ = {isa = PBXFileReference; lastKnownFileType = sourcecode.swift; path = ContentView.swift; sourceTree = "<group>"; };
		C480328C2C88498400E662AE /* Assets.xcassets */ = {isa = PBXFileReference; lastKnownFileType = folder.assetcatalog; path = Assets.xcassets; sourceTree = "<group>"; };
		C480328F2C88498400E662AE /* Preview Assets.xcassets */ = {isa = PBXFileReference; lastKnownFileType = folder.assetcatalog; path = "Preview Assets.xcassets"; sourceTree = "<group>"; };
		C480329D2C884FFB00E662AE /* LoginView.swift */ = {isa = PBXFileReference; lastKnownFileType = sourcecode.swift; path = LoginView.swift; sourceTree = "<group>"; };
		C480329F2C8850F300E662AE /* RegistrationView.swift */ = {isa = PBXFileReference; lastKnownFileType = sourcecode.swift; path = RegistrationView.swift; sourceTree = "<group>"; };
		C4F06C132C8AC5F700BDB1F8 /* HorizontalProductItemCardView.swift */ = {isa = PBXFileReference; lastKnownFileType = sourcecode.swift; path = HorizontalProductItemCardView.swift; sourceTree = "<group>"; };
		C4F06C152C8AC66800BDB1F8 /* VerticalProductItemCardView.swift */ = {isa = PBXFileReference; lastKnownFileType = sourcecode.swift; path = VerticalProductItemCardView.swift; sourceTree = "<group>"; };
		C4F06C172C8ACB7C00BDB1F8 /* Medicine.swift */ = {isa = PBXFileReference; lastKnownFileType = sourcecode.swift; path = Medicine.swift; sourceTree = "<group>"; };
		C4F06C192C8AE0DC00BDB1F8 /* Currency.swift */ = {isa = PBXFileReference; lastKnownFileType = sourcecode.swift; path = Currency.swift; sourceTree = "<group>"; };
		C4F06C1C2C8AFC7900BDB1F8 /* CartItemCardView.swift */ = {isa = PBXFileReference; fileEncoding = 4; lastKnownFileType = sourcecode.swift; path = CartItemCardView.swift; sourceTree = "<group>"; };
		C4F06C1E2C8AFC8000BDB1F8 /* AddToCartButtonView.swift */ = {isa = PBXFileReference; fileEncoding = 4; lastKnownFileType = sourcecode.swift; path = AddToCartButtonView.swift; sourceTree = "<group>"; };
		C4F06C202C8B17BD00BDB1F8 /* OrderSummaryCardView.swift */ = {isa = PBXFileReference; lastKnownFileType = sourcecode.swift; path = OrderSummaryCardView.swift; sourceTree = "<group>"; };
/* End PBXFileReference section */

/* Begin PBXFrameworksBuildPhase section */
		C48032822C88498200E662AE /* Frameworks */ = {
			isa = PBXFrameworksBuildPhase;
			buildActionMask = 2147483647;
			files = (
				8A7B28172C8CAB9F005A652C /* FacebookLogin in Frameworks */,
				8A4A02392C8A0A55004CF016 /* FirebaseAnalytics in Frameworks */,
				8A4A023C2C8A0C30004CF016 /* FirebaseAuth in Frameworks */,
				8A7B28152C8CAB9F005A652C /* FacebookCore in Frameworks */,
				8AEB8BD72C8B5DD8002AA1B7 /* GoogleSignIn in Frameworks */,
				8AEB8BE52C8B90C2002AA1B7 /* FirebaseFirestore in Frameworks */,
				8AEB8BD92C8B5DD8002AA1B7 /* GoogleSignInSwift in Frameworks */,
				8A7B28102C8CA6D9005A652C /* FirebaseStorage in Frameworks */,
			);
			runOnlyForDeploymentPostprocessing = 0;
		};
/* End PBXFrameworksBuildPhase section */

/* Begin PBXGroup section */
		1994C0F62C898079004EF663 /* Home */ = {
			isa = PBXGroup;
			children = (
				1994C0F72C89809B004EF663 /* HomeView.swift */,
				196DFA652C903251006890A0 /* ViewAllView.swift */,
			);
			path = Home;
			sourceTree = "<group>";
		};
		1994C0FA2C8980B3004EF663 /* Utils */ = {
			isa = PBXGroup;
			children = (
				1994C1002C898732004EF663 /* CustomColors.swift */,
				C4F06C192C8AE0DC00BDB1F8 /* Currency.swift */,
				8A4A02412C8A1093004CF016 /* GlobalUtils.swift */,
				8AEB8BDD2C8B6214002AA1B7 /* TopViewController.swift */,
				8AEB8C0E2C8C1ADB002AA1B7 /* PreviewsUtil.swift */,
				8A852F742C8F411300071F3F /* MockDataUtil.swift */,
			);
			path = Utils;
			sourceTree = "<group>";
		};
		19A159DB2C897F5E0025681C /* Splashscreen */ = {
			isa = PBXGroup;
			children = (
				19A159DA2C897F5E0025681C /* SplashscreenView.swift */,
			);
			path = Splashscreen;
			sourceTree = "<group>";
		};
		8A4A023A2C8A0C30004CF016 /* Frameworks */ = {
			isa = PBXGroup;
			children = (
			);
			name = Frameworks;
			sourceTree = "<group>";
		};
		8A7B27FD2C8C8B3D005A652C /* Errors */ = {
			isa = PBXGroup;
			children = (
				8A7B27FE2C8C8B47005A652C /* BusinessError.swift */,
			);
			path = Errors;
			sourceTree = "<group>";
		};
		8A7B280A2C8CA56A005A652C /* Profile */ = {
			isa = PBXGroup;
			children = (
				8A7B280D2C8CA617005A652C /* ImageUploadView.swift */,
				8A7B28112C8CA850005A652C /* ImagePickerView.swift */,
			);
			path = Profile;
			sourceTree = "<group>";
		};
		8AEB8BE12C8B7782002AA1B7 /* Authentication */ = {
			isa = PBXGroup;
			children = (
				C40879B82C897C6F00829660 /* AuthenticationViewModel.swift */,
				8AEB8BE22C8B779D002AA1B7 /* LoginViewModel.swift */,
				8AEB8BE82C8B963F002AA1B7 /* RegistrationViewModel.swift */,
			);
			path = Authentication;
			sourceTree = "<group>";
		};
		8AEB8BEE2C8BFDCE002AA1B7 /* Prototcols */ = {
			isa = PBXGroup;
			children = (
				8AEB8BEF2C8BFDDD002AA1B7 /* FirebaseModel.swift */,
			);
			path = Prototcols;
			sourceTree = "<group>";
		};
		C40879B12C897BED00829660 /* Models */ = {
			isa = PBXGroup;
			children = (
				19BE73A42C8AC92200C4E82D /* CartItem.swift */,
				C4F06C172C8ACB7C00BDB1F8 /* Medicine.swift */,
				8A4A02432C8A13B7004CF016 /* AppUser.swift */,
				8AEB8BF12C8C07E9002AA1B7 /* Order.swift */,
				8AEB8BFD2C8C1103002AA1B7 /* Pharmacy.swift */,
				8AEB8C022C8C11F6002AA1B7 /* Cart.swift */,
				8AEB8C082C8C17AA002AA1B7 /* OrderItem.swift */,
				8A7B28002C8C935B005A652C /* OrderPriceInformation.swift */,
			);
			path = Models;
			sourceTree = "<group>";
		};
		C40879B22C897C0300829660 /* Services */ = {
			isa = PBXGroup;
			children = (
				C40879C02C897D1300829660 /* AuthenticationService.swift */,
				8AEB8BE62C8B9338002AA1B7 /* UserService.swift */,
				8AEB8BEC2C8BFA6C002AA1B7 /* CRUDService.swift */,
				8AEB8BF52C8C0B4B002AA1B7 /* OrderService.swift */,
				8AEB8BFB2C8C0DAB002AA1B7 /* MedicineService.swift */,
				8AEB8BFF2C8C1162002AA1B7 /* PharmacyService.swift */,
				8AEB8C042C8C1579002AA1B7 /* CartService.swift */,
				8AEB8C062C8C1730002AA1B7 /* CartItemService.swift */,
				8AEB8C0A2C8C17EC002AA1B7 /* OrderItemService.swift */,
			);
			path = Services;
			sourceTree = "<group>";
		};
		C40879B52C897C2D00829660 /* Order */ = {
			isa = PBXGroup;
			children = (
				C40879BE2C897CE600829660 /* OrderView.swift */,
			);
			path = Order;
			sourceTree = "<group>";
		};
		C40879B62C897C3300829660 /* Cart */ = {
			isa = PBXGroup;
			children = (
				C40879BC2C897CD500829660 /* CartView.swift */,
			);
			path = Cart;
			sourceTree = "<group>";
		};
		C40879C62C8981DC00829660 /* Resources */ = {
			isa = PBXGroup;
			children = (
			);
			path = Resources;
			sourceTree = "<group>";
		};
		C480327C2C88498200E662AE = {
			isa = PBXGroup;
			children = (
				C48032872C88498200E662AE /* pharmacist_project */,
				C48032862C88498200E662AE /* Products */,
				C4F06C1B2C8AFC4500BDB1F8 /* Recovered References */,
				8A4A023A2C8A0C30004CF016 /* Frameworks */,
			);
			sourceTree = "<group>";
		};
		C48032862C88498200E662AE /* Products */ = {
			isa = PBXGroup;
			children = (
				C48032852C88498200E662AE /* pharmacist_project.app */,
			);
			name = Products;
			sourceTree = "<group>";
		};
		C48032872C88498200E662AE /* pharmacist_project */ = {
			isa = PBXGroup;
			children = (
				8A7B28182C8CAE0F005A652C /* pharmacist_project.entitlements */,
				8A7B27FD2C8C8B3D005A652C /* Errors */,
				8AEB8BEE2C8BFDCE002AA1B7 /* Prototcols */,
				8AEB8BDA2C8B5E28002AA1B7 /* pharmacist-project-Info.plist */,
				8AEB8BDF2C8B76EB002AA1B7 /* GoogleService-Info.plist */,
				C40879C62C8981DC00829660 /* Resources */,
				C40879B12C897BED00829660 /* Models */,
				C48032972C884DF300E662AE /* Views */,
				C48032982C884E0300E662AE /* ViewModels */,
				C40879B22C897C0300829660 /* Services */,
				1994C0FA2C8980B3004EF663 /* Utils */,
				C48032882C88498200E662AE /* pharmacist_projectApp.swift */,
				C480328A2C88498200E662AE /* ContentView.swift */,
				C480328C2C88498400E662AE /* Assets.xcassets */,
				C480328E2C88498400E662AE /* Preview Content */,
			);
			path = pharmacist_project;
			sourceTree = "<group>";
		};
		C480328E2C88498400E662AE /* Preview Content */ = {
			isa = PBXGroup;
			children = (
				C480328F2C88498400E662AE /* Preview Assets.xcassets */,
			);
			path = "Preview Content";
			sourceTree = "<group>";
		};
		C48032972C884DF300E662AE /* Views */ = {
			isa = PBXGroup;
			children = (
				8A7B280A2C8CA56A005A652C /* Profile */,
				C4F06C122C8AC56400BDB1F8 /* Component */,
				19A159DB2C897F5E0025681C /* Splashscreen */,
				C480329C2C884F0A00E662AE /* Authentication */,
				1994C0F62C898079004EF663 /* Home */,
				C40879B62C897C3300829660 /* Cart */,
				C40879B52C897C2D00829660 /* Order */,
			);
			path = Views;
			sourceTree = "<group>";
		};
		C48032982C884E0300E662AE /* ViewModels */ = {
			isa = PBXGroup;
			children = (
				8AEB8BE12C8B7782002AA1B7 /* Authentication */,
				8AEB8C102C8C1D1A002AA1B7 /* CartItemViewModel.swift */,
				8A7B280B2C8CA5F4005A652C /* ImageUploadViewModel.swift */,
				196DFA632C900A03006890A0 /* HomeViewModel.swift */,
			);
			path = ViewModels;
			sourceTree = "<group>";
		};
		C480329C2C884F0A00E662AE /* Authentication */ = {
			isa = PBXGroup;
			children = (
				C480329D2C884FFB00E662AE /* LoginView.swift */,
				C480329F2C8850F300E662AE /* RegistrationView.swift */,
			);
			path = Authentication;
			sourceTree = "<group>";
		};
		C4F06C122C8AC56400BDB1F8 /* Component */ = {
			isa = PBXGroup;
			children = (
				C4F06C1E2C8AFC8000BDB1F8 /* AddToCartButtonView.swift */,
				C4F06C1C2C8AFC7900BDB1F8 /* CartItemCardView.swift */,
				C4F06C132C8AC5F700BDB1F8 /* HorizontalProductItemCardView.swift */,
				C4F06C152C8AC66800BDB1F8 /* VerticalProductItemCardView.swift */,
				C4F06C202C8B17BD00BDB1F8 /* OrderSummaryCardView.swift */,
				7127D17F2C8D52BB00B779CC /* OrderInfoView.swift */,
				7127D1812C8D52E000B779CC /* OrderItemCardView.swift */,
				196DFA612C90078D006890A0 /* CategorySectionView.swift */,
				196DFA672C903887006890A0 /* BottomBarView.swift */,
			);
			path = Component;
			sourceTree = "<group>";
		};
		C4F06C1B2C8AFC4500BDB1F8 /* Recovered References */ = {
			isa = PBXGroup;
			children = (
				19BE73A22C8AC5DE00C4E82D /* AddToCartButtonView.swift */,
				19BE73A62C8AC9F300C4E82D /* CartItemCardView.swift */,
			);
			name = "Recovered References";
			sourceTree = "<group>";
		};
/* End PBXGroup section */

/* Begin PBXNativeTarget section */
		C48032842C88498200E662AE /* pharmacist_project */ = {
			isa = PBXNativeTarget;
			buildConfigurationList = C48032932C88498400E662AE /* Build configuration list for PBXNativeTarget "pharmacist_project" */;
			buildPhases = (
				C48032812C88498200E662AE /* Sources */,
				C48032822C88498200E662AE /* Frameworks */,
				C48032832C88498200E662AE /* Resources */,
			);
			buildRules = (
			);
			dependencies = (
			);
			name = pharmacist_project;
			packageProductDependencies = (
				8A4A02382C8A0A55004CF016 /* FirebaseAnalytics */,
				8A4A023B2C8A0C30004CF016 /* FirebaseAuth */,
				8AEB8BD62C8B5DD8002AA1B7 /* GoogleSignIn */,
				8AEB8BD82C8B5DD8002AA1B7 /* GoogleSignInSwift */,
				8AEB8BE42C8B90C2002AA1B7 /* FirebaseFirestore */,
				8A7B280F2C8CA6D9005A652C /* FirebaseStorage */,
				8A7B28142C8CAB9F005A652C /* FacebookCore */,
				8A7B28162C8CAB9F005A652C /* FacebookLogin */,
			);
			productName = pharmacist_project;
			productReference = C48032852C88498200E662AE /* pharmacist_project.app */;
			productType = "com.apple.product-type.application";
		};
/* End PBXNativeTarget section */

/* Begin PBXProject section */
		C480327D2C88498200E662AE /* Project object */ = {
			isa = PBXProject;
			attributes = {
				BuildIndependentTargetsInParallel = 1;
				LastSwiftUpdateCheck = 1540;
				LastUpgradeCheck = 1540;
				TargetAttributes = {
					C48032842C88498200E662AE = {
						CreatedOnToolsVersion = 15.4;
					};
				};
			};
			buildConfigurationList = C48032802C88498200E662AE /* Build configuration list for PBXProject "pharmacist_project" */;
			compatibilityVersion = "Xcode 14.0";
			developmentRegion = en;
			hasScannedForEncodings = 0;
			knownRegions = (
				en,
				Base,
			);
			mainGroup = C480327C2C88498200E662AE;
			packageReferences = (
				8A4A02352C89E9A4004CF016 /* XCRemoteSwiftPackageReference "firebase-ios-sdk" */,
				8AEB8BD52C8B5DD8002AA1B7 /* XCRemoteSwiftPackageReference "GoogleSignIn-iOS" */,
				8A7B28132C8CAB9F005A652C /* XCRemoteSwiftPackageReference "facebook-ios-sdk" */,
			);
			productRefGroup = C48032862C88498200E662AE /* Products */;
			projectDirPath = "";
			projectRoot = "";
			targets = (
				C48032842C88498200E662AE /* pharmacist_project */,
			);
		};
/* End PBXProject section */

/* Begin PBXResourcesBuildPhase section */
		C48032832C88498200E662AE /* Resources */ = {
			isa = PBXResourcesBuildPhase;
			buildActionMask = 2147483647;
			files = (
				C48032902C88498400E662AE /* Preview Assets.xcassets in Resources */,
				C480328D2C88498400E662AE /* Assets.xcassets in Resources */,
				8AEB8BE02C8B76EB002AA1B7 /* GoogleService-Info.plist in Resources */,
			);
			runOnlyForDeploymentPostprocessing = 0;
		};
/* End PBXResourcesBuildPhase section */

/* Begin PBXSourcesBuildPhase section */
		C48032812C88498200E662AE /* Sources */ = {
			isa = PBXSourcesBuildPhase;
			buildActionMask = 2147483647;
			files = (
				7127D1822C8D52E000B779CC /* OrderItemCardView.swift in Sources */,
				8AEB8C002C8C1162002AA1B7 /* PharmacyService.swift in Sources */,
				196DFA622C90078D006890A0 /* CategorySectionView.swift in Sources */,
				8AEB8C0B2C8C17EC002AA1B7 /* OrderItemService.swift in Sources */,
				8A4A02442C8A13B7004CF016 /* AppUser.swift in Sources */,
				C480329E2C884FFB00E662AE /* LoginView.swift in Sources */,
				8AEB8C052C8C1579002AA1B7 /* CartService.swift in Sources */,
				C4F06C1A2C8AE0DC00BDB1F8 /* Currency.swift in Sources */,
				1994C1012C898732004EF663 /* CustomColors.swift in Sources */,
				C40879BF2C897CE600829660 /* OrderView.swift in Sources */,
				8AEB8BDE2C8B6214002AA1B7 /* TopViewController.swift in Sources */,
				8AEB8BF22C8C07E9002AA1B7 /* Order.swift in Sources */,
				8A7B27FF2C8C8B47005A652C /* BusinessError.swift in Sources */,
				8AEB8BE72C8B9338002AA1B7 /* UserService.swift in Sources */,
				C40879BD2C897CD500829660 /* CartView.swift in Sources */,
				8AEB8BFE2C8C1103002AA1B7 /* Pharmacy.swift in Sources */,
				C40879C12C897D1300829660 /* AuthenticationService.swift in Sources */,
				8AEB8BE92C8B963F002AA1B7 /* RegistrationViewModel.swift in Sources */,
				196DFA682C903887006890A0 /* BottomBarView.swift in Sources */,
				8A7B28012C8C935B005A652C /* OrderPriceInformation.swift in Sources */,
				8AEB8C092C8C17AA002AA1B7 /* OrderItem.swift in Sources */,
				8AEB8BF62C8C0B4B002AA1B7 /* OrderService.swift in Sources */,
				C4F06C162C8AC66800BDB1F8 /* VerticalProductItemCardView.swift in Sources */,
				8A4A02422C8A1093004CF016 /* GlobalUtils.swift in Sources */,
				196DFA642C900A03006890A0 /* HomeViewModel.swift in Sources */,
				8A852F752C8F411300071F3F /* MockDataUtil.swift in Sources */,
				8AEB8C032C8C11F6002AA1B7 /* Cart.swift in Sources */,
				7127D1802C8D52BB00B779CC /* OrderInfoView.swift in Sources */,
				8AEB8BED2C8BFA6C002AA1B7 /* CRUDService.swift in Sources */,
				C40879B92C897C6F00829660 /* AuthenticationViewModel.swift in Sources */,
				8AEB8C072C8C1730002AA1B7 /* CartItemService.swift in Sources */,
				8A7B28122C8CA850005A652C /* ImagePickerView.swift in Sources */,
				8AEB8C0F2C8C1ADB002AA1B7 /* PreviewsUtil.swift in Sources */,
				C4F06C212C8B17BD00BDB1F8 /* OrderSummaryCardView.swift in Sources */,
				8AEB8BE32C8B779D002AA1B7 /* LoginViewModel.swift in Sources */,
				19BE73A52C8AC92200C4E82D /* CartItem.swift in Sources */,
				C4F06C182C8ACB7C00BDB1F8 /* Medicine.swift in Sources */,
				C4F06C1D2C8AFC7900BDB1F8 /* CartItemCardView.swift in Sources */,
				C4F06C1F2C8AFC8000BDB1F8 /* AddToCartButtonView.swift in Sources */,
				8A7B280C2C8CA5F4005A652C /* ImageUploadViewModel.swift in Sources */,
				8AEB8BF02C8BFDDD002AA1B7 /* FirebaseModel.swift in Sources */,
				C480328B2C88498200E662AE /* ContentView.swift in Sources */,
				C48032892C88498200E662AE /* pharmacist_projectApp.swift in Sources */,
				C4F06C142C8AC5F700BDB1F8 /* HorizontalProductItemCardView.swift in Sources */,
				196DFA662C903251006890A0 /* ViewAllView.swift in Sources */,
				8AEB8C112C8C1D1A002AA1B7 /* CartItemViewModel.swift in Sources */,
				8A7B280E2C8CA617005A652C /* ImageUploadView.swift in Sources */,
				1994C0F82C89809B004EF663 /* HomeView.swift in Sources */,
				19A159DC2C897F5E0025681C /* SplashscreenView.swift in Sources */,
				C48032A02C8850F300E662AE /* RegistrationView.swift in Sources */,
				8AEB8BFC2C8C0DAB002AA1B7 /* MedicineService.swift in Sources */,
			);
			runOnlyForDeploymentPostprocessing = 0;
		};
/* End PBXSourcesBuildPhase section */

/* Begin XCBuildConfiguration section */
		C48032912C88498400E662AE /* Debug */ = {
			isa = XCBuildConfiguration;
			buildSettings = {
				ALWAYS_SEARCH_USER_PATHS = NO;
				ASSETCATALOG_COMPILER_GENERATE_SWIFT_ASSET_SYMBOL_EXTENSIONS = YES;
				CLANG_ANALYZER_NONNULL = YES;
				CLANG_ANALYZER_NUMBER_OBJECT_CONVERSION = YES_AGGRESSIVE;
				CLANG_CXX_LANGUAGE_STANDARD = "gnu++20";
				CLANG_ENABLE_MODULES = YES;
				CLANG_ENABLE_OBJC_ARC = YES;
				CLANG_ENABLE_OBJC_WEAK = YES;
				CLANG_WARN_BLOCK_CAPTURE_AUTORELEASING = YES;
				CLANG_WARN_BOOL_CONVERSION = YES;
				CLANG_WARN_COMMA = YES;
				CLANG_WARN_CONSTANT_CONVERSION = YES;
				CLANG_WARN_DEPRECATED_OBJC_IMPLEMENTATIONS = YES;
				CLANG_WARN_DIRECT_OBJC_ISA_USAGE = YES_ERROR;
				CLANG_WARN_DOCUMENTATION_COMMENTS = YES;
				CLANG_WARN_EMPTY_BODY = YES;
				CLANG_WARN_ENUM_CONVERSION = YES;
				CLANG_WARN_INFINITE_RECURSION = YES;
				CLANG_WARN_INT_CONVERSION = YES;
				CLANG_WARN_NON_LITERAL_NULL_CONVERSION = YES;
				CLANG_WARN_OBJC_IMPLICIT_RETAIN_SELF = YES;
				CLANG_WARN_OBJC_LITERAL_CONVERSION = YES;
				CLANG_WARN_OBJC_ROOT_CLASS = YES_ERROR;
				CLANG_WARN_QUOTED_INCLUDE_IN_FRAMEWORK_HEADER = YES;
				CLANG_WARN_RANGE_LOOP_ANALYSIS = YES;
				CLANG_WARN_STRICT_PROTOTYPES = YES;
				CLANG_WARN_SUSPICIOUS_MOVE = YES;
				CLANG_WARN_UNGUARDED_AVAILABILITY = YES_AGGRESSIVE;
				CLANG_WARN_UNREACHABLE_CODE = YES;
				CLANG_WARN__DUPLICATE_METHOD_MATCH = YES;
				COPY_PHASE_STRIP = NO;
				DEBUG_INFORMATION_FORMAT = dwarf;
				ENABLE_STRICT_OBJC_MSGSEND = YES;
				ENABLE_TESTABILITY = YES;
				ENABLE_USER_SCRIPT_SANDBOXING = YES;
				GCC_C_LANGUAGE_STANDARD = gnu17;
				GCC_DYNAMIC_NO_PIC = NO;
				GCC_NO_COMMON_BLOCKS = YES;
				GCC_OPTIMIZATION_LEVEL = 0;
				GCC_PREPROCESSOR_DEFINITIONS = (
					"DEBUG=1",
					"$(inherited)",
				);
				GCC_WARN_64_TO_32_BIT_CONVERSION = YES;
				GCC_WARN_ABOUT_RETURN_TYPE = YES_ERROR;
				GCC_WARN_UNDECLARED_SELECTOR = YES;
				GCC_WARN_UNINITIALIZED_AUTOS = YES_AGGRESSIVE;
				GCC_WARN_UNUSED_FUNCTION = YES;
				GCC_WARN_UNUSED_VARIABLE = YES;
				IPHONEOS_DEPLOYMENT_TARGET = 17.5;
				LOCALIZATION_PREFERS_STRING_CATALOGS = YES;
				MTL_ENABLE_DEBUG_INFO = INCLUDE_SOURCE;
				MTL_FAST_MATH = YES;
				ONLY_ACTIVE_ARCH = YES;
				SDKROOT = iphoneos;
				SWIFT_ACTIVE_COMPILATION_CONDITIONS = "DEBUG $(inherited)";
				SWIFT_OPTIMIZATION_LEVEL = "-Onone";
			};
			name = Debug;
		};
		C48032922C88498400E662AE /* Release */ = {
			isa = XCBuildConfiguration;
			buildSettings = {
				ALWAYS_SEARCH_USER_PATHS = NO;
				ASSETCATALOG_COMPILER_GENERATE_SWIFT_ASSET_SYMBOL_EXTENSIONS = YES;
				CLANG_ANALYZER_NONNULL = YES;
				CLANG_ANALYZER_NUMBER_OBJECT_CONVERSION = YES_AGGRESSIVE;
				CLANG_CXX_LANGUAGE_STANDARD = "gnu++20";
				CLANG_ENABLE_MODULES = YES;
				CLANG_ENABLE_OBJC_ARC = YES;
				CLANG_ENABLE_OBJC_WEAK = YES;
				CLANG_WARN_BLOCK_CAPTURE_AUTORELEASING = YES;
				CLANG_WARN_BOOL_CONVERSION = YES;
				CLANG_WARN_COMMA = YES;
				CLANG_WARN_CONSTANT_CONVERSION = YES;
				CLANG_WARN_DEPRECATED_OBJC_IMPLEMENTATIONS = YES;
				CLANG_WARN_DIRECT_OBJC_ISA_USAGE = YES_ERROR;
				CLANG_WARN_DOCUMENTATION_COMMENTS = YES;
				CLANG_WARN_EMPTY_BODY = YES;
				CLANG_WARN_ENUM_CONVERSION = YES;
				CLANG_WARN_INFINITE_RECURSION = YES;
				CLANG_WARN_INT_CONVERSION = YES;
				CLANG_WARN_NON_LITERAL_NULL_CONVERSION = YES;
				CLANG_WARN_OBJC_IMPLICIT_RETAIN_SELF = YES;
				CLANG_WARN_OBJC_LITERAL_CONVERSION = YES;
				CLANG_WARN_OBJC_ROOT_CLASS = YES_ERROR;
				CLANG_WARN_QUOTED_INCLUDE_IN_FRAMEWORK_HEADER = YES;
				CLANG_WARN_RANGE_LOOP_ANALYSIS = YES;
				CLANG_WARN_STRICT_PROTOTYPES = YES;
				CLANG_WARN_SUSPICIOUS_MOVE = YES;
				CLANG_WARN_UNGUARDED_AVAILABILITY = YES_AGGRESSIVE;
				CLANG_WARN_UNREACHABLE_CODE = YES;
				CLANG_WARN__DUPLICATE_METHOD_MATCH = YES;
				COPY_PHASE_STRIP = NO;
				DEBUG_INFORMATION_FORMAT = "dwarf-with-dsym";
				ENABLE_NS_ASSERTIONS = NO;
				ENABLE_STRICT_OBJC_MSGSEND = YES;
				ENABLE_USER_SCRIPT_SANDBOXING = YES;
				GCC_C_LANGUAGE_STANDARD = gnu17;
				GCC_NO_COMMON_BLOCKS = YES;
				GCC_WARN_64_TO_32_BIT_CONVERSION = YES;
				GCC_WARN_ABOUT_RETURN_TYPE = YES_ERROR;
				GCC_WARN_UNDECLARED_SELECTOR = YES;
				GCC_WARN_UNINITIALIZED_AUTOS = YES_AGGRESSIVE;
				GCC_WARN_UNUSED_FUNCTION = YES;
				GCC_WARN_UNUSED_VARIABLE = YES;
				IPHONEOS_DEPLOYMENT_TARGET = 17.5;
				LOCALIZATION_PREFERS_STRING_CATALOGS = YES;
				MTL_ENABLE_DEBUG_INFO = NO;
				MTL_FAST_MATH = YES;
				SDKROOT = iphoneos;
				SWIFT_COMPILATION_MODE = wholemodule;
				VALIDATE_PRODUCT = YES;
			};
			name = Release;
		};
		C48032942C88498400E662AE /* Debug */ = {
			isa = XCBuildConfiguration;
			buildSettings = {
				ASSETCATALOG_COMPILER_APPICON_NAME = AppIcon;
				ASSETCATALOG_COMPILER_GLOBAL_ACCENT_COLOR_NAME = AccentColor;
				CODE_SIGN_ENTITLEMENTS = pharmacist_project/pharmacist_project.entitlements;
				CODE_SIGN_STYLE = Automatic;
				CURRENT_PROJECT_VERSION = 1;
				DEVELOPMENT_ASSET_PATHS = "\"pharmacist_project/Preview Content\"";
				ENABLE_PREVIEWS = YES;
				GENERATE_INFOPLIST_FILE = YES;
				INFOPLIST_FILE = "pharmacist-project-Info.plist";
				INFOPLIST_KEY_CFBundleDisplayName = "Smart Pharmacist";
				INFOPLIST_KEY_LSApplicationCategoryType = "public.app-category.medical";
				INFOPLIST_KEY_UIApplicationSceneManifest_Generation = YES;
				INFOPLIST_KEY_UIApplicationSupportsIndirectInputEvents = YES;
				INFOPLIST_KEY_UILaunchScreen_Generation = YES;
				INFOPLIST_KEY_UISupportedInterfaceOrientations_iPad = "UIInterfaceOrientationPortrait UIInterfaceOrientationPortraitUpsideDown UIInterfaceOrientationLandscapeLeft UIInterfaceOrientationLandscapeRight";
				INFOPLIST_KEY_UISupportedInterfaceOrientations_iPhone = "UIInterfaceOrientationPortrait UIInterfaceOrientationLandscapeLeft UIInterfaceOrientationLandscapeRight";
				LD_RUNPATH_SEARCH_PATHS = (
					"$(inherited)",
					"@executable_path/Frameworks",
				);
				MARKETING_VERSION = 1.0;
				PRODUCT_BUNDLE_IDENTIFIER = "com.droplet.pharmacist-project";
				PRODUCT_NAME = "$(TARGET_NAME)";
				SWIFT_EMIT_LOC_STRINGS = YES;
				SWIFT_VERSION = 5.0;
				TARGETED_DEVICE_FAMILY = "1,2";
			};
			name = Debug;
		};
		C48032952C88498400E662AE /* Release */ = {
			isa = XCBuildConfiguration;
			buildSettings = {
				ASSETCATALOG_COMPILER_APPICON_NAME = AppIcon;
				ASSETCATALOG_COMPILER_GLOBAL_ACCENT_COLOR_NAME = AccentColor;
				CODE_SIGN_ENTITLEMENTS = pharmacist_project/pharmacist_project.entitlements;
				CODE_SIGN_STYLE = Automatic;
				CURRENT_PROJECT_VERSION = 1;
				DEVELOPMENT_ASSET_PATHS = "\"pharmacist_project/Preview Content\"";
				ENABLE_PREVIEWS = YES;
				GENERATE_INFOPLIST_FILE = YES;
				INFOPLIST_FILE = "pharmacist-project-Info.plist";
				INFOPLIST_KEY_CFBundleDisplayName = "Smart Pharmacist";
				INFOPLIST_KEY_LSApplicationCategoryType = "public.app-category.medical";
				INFOPLIST_KEY_UIApplicationSceneManifest_Generation = YES;
				INFOPLIST_KEY_UIApplicationSupportsIndirectInputEvents = YES;
				INFOPLIST_KEY_UILaunchScreen_Generation = YES;
				INFOPLIST_KEY_UISupportedInterfaceOrientations_iPad = "UIInterfaceOrientationPortrait UIInterfaceOrientationPortraitUpsideDown UIInterfaceOrientationLandscapeLeft UIInterfaceOrientationLandscapeRight";
				INFOPLIST_KEY_UISupportedInterfaceOrientations_iPhone = "UIInterfaceOrientationPortrait UIInterfaceOrientationLandscapeLeft UIInterfaceOrientationLandscapeRight";
				LD_RUNPATH_SEARCH_PATHS = (
					"$(inherited)",
					"@executable_path/Frameworks",
				);
				MARKETING_VERSION = 1.0;
				PRODUCT_BUNDLE_IDENTIFIER = "com.droplet.pharmacist-project";
				PRODUCT_NAME = "$(TARGET_NAME)";
				SWIFT_EMIT_LOC_STRINGS = YES;
				SWIFT_VERSION = 5.0;
				TARGETED_DEVICE_FAMILY = "1,2";
			};
			name = Release;
		};
/* End XCBuildConfiguration section */

/* Begin XCConfigurationList section */
		C48032802C88498200E662AE /* Build configuration list for PBXProject "pharmacist_project" */ = {
			isa = XCConfigurationList;
			buildConfigurations = (
				C48032912C88498400E662AE /* Debug */,
				C48032922C88498400E662AE /* Release */,
			);
			defaultConfigurationIsVisible = 0;
			defaultConfigurationName = Release;
		};
		C48032932C88498400E662AE /* Build configuration list for PBXNativeTarget "pharmacist_project" */ = {
			isa = XCConfigurationList;
			buildConfigurations = (
				C48032942C88498400E662AE /* Debug */,
				C48032952C88498400E662AE /* Release */,
			);
			defaultConfigurationIsVisible = 0;
			defaultConfigurationName = Release;
		};
/* End XCConfigurationList section */

/* Begin XCRemoteSwiftPackageReference section */
		8A4A02352C89E9A4004CF016 /* XCRemoteSwiftPackageReference "firebase-ios-sdk" */ = {
			isa = XCRemoteSwiftPackageReference;
			repositoryURL = "https://github.com/firebase/firebase-ios-sdk";
			requirement = {
				kind = upToNextMajorVersion;
				minimumVersion = 11.1.0;
			};
		};
		8A7B28132C8CAB9F005A652C /* XCRemoteSwiftPackageReference "facebook-ios-sdk" */ = {
			isa = XCRemoteSwiftPackageReference;
			repositoryURL = "https://github.com/facebook/facebook-ios-sdk";
			requirement = {
				kind = upToNextMajorVersion;
				minimumVersion = 14.1.0;
			};
		};
		8AEB8BD52C8B5DD8002AA1B7 /* XCRemoteSwiftPackageReference "GoogleSignIn-iOS" */ = {
			isa = XCRemoteSwiftPackageReference;
			repositoryURL = "https://github.com/google/GoogleSignIn-iOS";
			requirement = {
				kind = upToNextMajorVersion;
				minimumVersion = 8.0.0;
			};
		};
/* End XCRemoteSwiftPackageReference section */

/* Begin XCSwiftPackageProductDependency section */
		8A4A02382C8A0A55004CF016 /* FirebaseAnalytics */ = {
			isa = XCSwiftPackageProductDependency;
			package = 8A4A02352C89E9A4004CF016 /* XCRemoteSwiftPackageReference "firebase-ios-sdk" */;
			productName = FirebaseAnalytics;
		};
		8A4A023B2C8A0C30004CF016 /* FirebaseAuth */ = {
			isa = XCSwiftPackageProductDependency;
			package = 8A4A02352C89E9A4004CF016 /* XCRemoteSwiftPackageReference "firebase-ios-sdk" */;
			productName = FirebaseAuth;
		};
		8A7B280F2C8CA6D9005A652C /* FirebaseStorage */ = {
			isa = XCSwiftPackageProductDependency;
			package = 8A4A02352C89E9A4004CF016 /* XCRemoteSwiftPackageReference "firebase-ios-sdk" */;
			productName = FirebaseStorage;
		};
		8A7B28142C8CAB9F005A652C /* FacebookCore */ = {
			isa = XCSwiftPackageProductDependency;
			package = 8A7B28132C8CAB9F005A652C /* XCRemoteSwiftPackageReference "facebook-ios-sdk" */;
			productName = FacebookCore;
		};
		8A7B28162C8CAB9F005A652C /* FacebookLogin */ = {
			isa = XCSwiftPackageProductDependency;
			package = 8A7B28132C8CAB9F005A652C /* XCRemoteSwiftPackageReference "facebook-ios-sdk" */;
			productName = FacebookLogin;
		};
		8AEB8BD62C8B5DD8002AA1B7 /* GoogleSignIn */ = {
			isa = XCSwiftPackageProductDependency;
			package = 8AEB8BD52C8B5DD8002AA1B7 /* XCRemoteSwiftPackageReference "GoogleSignIn-iOS" */;
			productName = GoogleSignIn;
		};
		8AEB8BD82C8B5DD8002AA1B7 /* GoogleSignInSwift */ = {
			isa = XCSwiftPackageProductDependency;
			package = 8AEB8BD52C8B5DD8002AA1B7 /* XCRemoteSwiftPackageReference "GoogleSignIn-iOS" */;
			productName = GoogleSignInSwift;
		};
		8AEB8BE42C8B90C2002AA1B7 /* FirebaseFirestore */ = {
			isa = XCSwiftPackageProductDependency;
			package = 8A4A02352C89E9A4004CF016 /* XCRemoteSwiftPackageReference "firebase-ios-sdk" */;
			productName = FirebaseFirestore;
		};
/* End XCSwiftPackageProductDependency section */
	};
	rootObject = C480327D2C88498200E662AE /* Project object */;
}
