// !$*UTF8*$!
{
	archiveVersion = 1;
	classes = {
	};
	objectVersion = 56;
	objects = {

/* Begin PBXBuildFile section */
		1994C0F82C89809B004EF663 /* homeView.swift in Sources */ = {isa = PBXBuildFile; fileRef = 1994C0F72C89809B004EF663 /* homeView.swift */; };
		1994C1012C898732004EF663 /* CustomColors.swift in Sources */ = {isa = PBXBuildFile; fileRef = 1994C1002C898732004EF663 /* CustomColors.swift */; };
		19A159DC2C897F5E0025681C /* SplashscreenView.swift in Sources */ = {isa = PBXBuildFile; fileRef = 19A159DA2C897F5E0025681C /* SplashscreenView.swift */; };
		19BE73A32C8AC5DE00C4E82D /* AddToCartButtonView.swift in Sources */ = {isa = PBXBuildFile; fileRef = 19BE73A22C8AC5DE00C4E82D /* AddToCartButtonView.swift */; };
		19BE73A52C8AC92200C4E82D /* CartItem.swift in Sources */ = {isa = PBXBuildFile; fileRef = 19BE73A42C8AC92200C4E82D /* CartItem.swift */; };
		19BE73A72C8AC9F300C4E82D /* CartItemCardView.swift in Sources */ = {isa = PBXBuildFile; fileRef = 19BE73A62C8AC9F300C4E82D /* CartItemCardView.swift */; };
		C40879B92C897C6F00829660 /* AuthenticationViewModel.swift in Sources */ = {isa = PBXBuildFile; fileRef = C40879B82C897C6F00829660 /* AuthenticationViewModel.swift */; };
		C40879BD2C897CD500829660 /* CartView.swift in Sources */ = {isa = PBXBuildFile; fileRef = C40879BC2C897CD500829660 /* CartView.swift */; };
		C40879BF2C897CE600829660 /* OrderView.swift in Sources */ = {isa = PBXBuildFile; fileRef = C40879BE2C897CE600829660 /* OrderView.swift */; };
		C40879C12C897D1300829660 /* AuthenticationService.swift in Sources */ = {isa = PBXBuildFile; fileRef = C40879C02C897D1300829660 /* AuthenticationService.swift */; };
		C40879C32C897D4300829660 /* User.swift in Sources */ = {isa = PBXBuildFile; fileRef = C40879C22C897D4300829660 /* User.swift */; };
		C48032892C88498200E662AE /* pharmacist_projectApp.swift in Sources */ = {isa = PBXBuildFile; fileRef = C48032882C88498200E662AE /* pharmacist_projectApp.swift */; };
		C480328B2C88498200E662AE /* ContentView.swift in Sources */ = {isa = PBXBuildFile; fileRef = C480328A2C88498200E662AE /* ContentView.swift */; };
		C480328D2C88498400E662AE /* Assets.xcassets in Resources */ = {isa = PBXBuildFile; fileRef = C480328C2C88498400E662AE /* Assets.xcassets */; };
		C48032902C88498400E662AE /* Preview Assets.xcassets in Resources */ = {isa = PBXBuildFile; fileRef = C480328F2C88498400E662AE /* Preview Assets.xcassets */; };
		C480329E2C884FFB00E662AE /* LoginView.swift in Sources */ = {isa = PBXBuildFile; fileRef = C480329D2C884FFB00E662AE /* LoginView.swift */; };
		C48032A02C8850F300E662AE /* RegistrationView.swift in Sources */ = {isa = PBXBuildFile; fileRef = C480329F2C8850F300E662AE /* RegistrationView.swift */; };
		C4F06C142C8AC5F700BDB1F8 /* HorizontalProductItemCardView.swift in Sources */ = {isa = PBXBuildFile; fileRef = C4F06C132C8AC5F700BDB1F8 /* HorizontalProductItemCardView.swift */; };
		C4F06C162C8AC66800BDB1F8 /* VerticalProductItemCardView.swift in Sources */ = {isa = PBXBuildFile; fileRef = C4F06C152C8AC66800BDB1F8 /* VerticalProductItemCardView.swift */; };
		C4F06C182C8ACB7C00BDB1F8 /* Medicine.swift in Sources */ = {isa = PBXBuildFile; fileRef = C4F06C172C8ACB7C00BDB1F8 /* Medicine.swift */; };
		C4F06C1A2C8AE0DC00BDB1F8 /* Currency.swift in Sources */ = {isa = PBXBuildFile; fileRef = C4F06C192C8AE0DC00BDB1F8 /* Currency.swift */; };
/* End PBXBuildFile section */

/* Begin PBXFileReference section */
		1994C0F72C89809B004EF663 /* homeView.swift */ = {isa = PBXFileReference; lastKnownFileType = sourcecode.swift; path = homeView.swift; sourceTree = "<group>"; };
		1994C1002C898732004EF663 /* CustomColors.swift */ = {isa = PBXFileReference; lastKnownFileType = sourcecode.swift; path = CustomColors.swift; sourceTree = "<group>"; };
		19A159DA2C897F5E0025681C /* SplashscreenView.swift */ = {isa = PBXFileReference; fileEncoding = 4; lastKnownFileType = sourcecode.swift; path = SplashscreenView.swift; sourceTree = "<group>"; };
		19BE73A22C8AC5DE00C4E82D /* AddToCartButtonView.swift */ = {isa = PBXFileReference; lastKnownFileType = sourcecode.swift; path = AddToCartButtonView.swift; sourceTree = "<group>"; };
		19BE73A42C8AC92200C4E82D /* CartItem.swift */ = {isa = PBXFileReference; lastKnownFileType = sourcecode.swift; path = CartItem.swift; sourceTree = "<group>"; };
		19BE73A62C8AC9F300C4E82D /* CartItemCardView.swift */ = {isa = PBXFileReference; lastKnownFileType = sourcecode.swift; path = CartItemCardView.swift; sourceTree = "<group>"; };
		C40879B82C897C6F00829660 /* AuthenticationViewModel.swift */ = {isa = PBXFileReference; lastKnownFileType = sourcecode.swift; path = AuthenticationViewModel.swift; sourceTree = "<group>"; };
		C40879BC2C897CD500829660 /* CartView.swift */ = {isa = PBXFileReference; lastKnownFileType = sourcecode.swift; path = CartView.swift; sourceTree = "<group>"; };
		C40879BE2C897CE600829660 /* OrderView.swift */ = {isa = PBXFileReference; lastKnownFileType = sourcecode.swift; path = OrderView.swift; sourceTree = "<group>"; };
		C40879C02C897D1300829660 /* AuthenticationService.swift */ = {isa = PBXFileReference; lastKnownFileType = sourcecode.swift; path = AuthenticationService.swift; sourceTree = "<group>"; };
		C40879C22C897D4300829660 /* User.swift */ = {isa = PBXFileReference; lastKnownFileType = sourcecode.swift; path = User.swift; sourceTree = "<group>"; };
		C48032852C88498200E662AE /* pharmacist_project.app */ = {isa = PBXFileReference; explicitFileType = wrapper.application; includeInIndex = 0; path = pharmacist_project.app; sourceTree = BUILT_PRODUCTS_DIR; };
		C48032882C88498200E662AE /* pharmacist_projectApp.swift */ = {isa = PBXFileReference; lastKnownFileType = sourcecode.swift; path = pharmacist_projectApp.swift; sourceTree = "<group>"; };
		C480328A2C88498200E662AE /* ContentView.swift */ = {isa = PBXFileReference; lastKnownFileType = sourcecode.swift; path = ContentView.swift; sourceTree = "<group>"; };
		C480328C2C88498400E662AE /* Assets.xcassets */ = {isa = PBXFileReference; lastKnownFileType = folder.assetcatalog; path = Assets.xcassets; sourceTree = "<group>"; };
		C480328F2C88498400E662AE /* Preview Assets.xcassets */ = {isa = PBXFileReference; lastKnownFileType = folder.assetcatalog; path = "Preview Assets.xcassets"; sourceTree = "<group>"; };
		C480329D2C884FFB00E662AE /* LoginView.swift */ = {isa = PBXFileReference; lastKnownFileType = sourcecode.swift; path = LoginView.swift; sourceTree = "<group>"; };
		C480329F2C8850F300E662AE /* RegistrationView.swift */ = {isa = PBXFileReference; lastKnownFileType = sourcecode.swift; path = RegistrationView.swift; sourceTree = "<group>"; };
		C4F06C132C8AC5F700BDB1F8 /* HorizontalProductItemCardView.swift */ = {isa = PBXFileReference; lastKnownFileType = sourcecode.swift; path = HorizontalProductItemCardView.swift; sourceTree = "<group>"; };
		C4F06C152C8AC66800BDB1F8 /* VerticalProductItemCardView.swift */ = {isa = PBXFileReference; lastKnownFileType = sourcecode.swift; path = VerticalProductItemCardView.swift; sourceTree = "<group>"; };
		C4F06C172C8ACB7C00BDB1F8 /* Medicine.swift */ = {isa = PBXFileReference; lastKnownFileType = sourcecode.swift; path = Medicine.swift; sourceTree = "<group>"; };
		C4F06C192C8AE0DC00BDB1F8 /* Currency.swift */ = {isa = PBXFileReference; lastKnownFileType = sourcecode.swift; path = Currency.swift; sourceTree = "<group>"; };
/* End PBXFileReference section */

/* Begin PBXFrameworksBuildPhase section */
		C48032822C88498200E662AE /* Frameworks */ = {
			isa = PBXFrameworksBuildPhase;
			buildActionMask = 2147483647;
			files = (
			);
			runOnlyForDeploymentPostprocessing = 0;
		};
/* End PBXFrameworksBuildPhase section */

/* Begin PBXGroup section */
		1994C0F62C898079004EF663 /* Home */ = {
			isa = PBXGroup;
			children = (
				1994C0F72C89809B004EF663 /* homeView.swift */,
			);
			path = Home;
			sourceTree = "<group>";
		};
		1994C0FA2C8980B3004EF663 /* Utils */ = {
			isa = PBXGroup;
			children = (
				1994C1002C898732004EF663 /* CustomColors.swift */,
				C4F06C192C8AE0DC00BDB1F8 /* Currency.swift */,
			);
			path = Utils;
			sourceTree = "<group>";
		};
		19A159DB2C897F5E0025681C /* Splashscreen */ = {
			isa = PBXGroup;
			children = (
				19A159DA2C897F5E0025681C /* SplashscreenView.swift */,
			);
			path = Splashscreen;
			sourceTree = "<group>";
		};
		19BE73A12C8AC56D00C4E82D /* Component */ = {
			isa = PBXGroup;
			children = (
				19BE73A22C8AC5DE00C4E82D /* AddToCartButtonView.swift */,
				19BE73A62C8AC9F300C4E82D /* CartItemCardView.swift */,
			);
			path = Component;
			sourceTree = "<group>";
		};
		C40879B12C897BED00829660 /* Models */ = {
			isa = PBXGroup;
			children = (
				C40879C22C897D4300829660 /* User.swift */,
				19BE73A42C8AC92200C4E82D /* CartItem.swift */,
				C4F06C172C8ACB7C00BDB1F8 /* Medicine.swift */,
			);
			path = Models;
			sourceTree = "<group>";
		};
		C40879B22C897C0300829660 /* Services */ = {
			isa = PBXGroup;
			children = (
				C40879C02C897D1300829660 /* AuthenticationService.swift */,
			);
			path = Services;
			sourceTree = "<group>";
		};
		C40879B52C897C2D00829660 /* Order */ = {
			isa = PBXGroup;
			children = (
				C40879BE2C897CE600829660 /* OrderView.swift */,
			);
			path = Order;
			sourceTree = "<group>";
		};
		C40879B62C897C3300829660 /* Cart */ = {
			isa = PBXGroup;
			children = (
				C40879BC2C897CD500829660 /* CartView.swift */,
			);
			path = Cart;
			sourceTree = "<group>";
		};
		C40879C62C8981DC00829660 /* Resources */ = {
			isa = PBXGroup;
			children = (
			);
			path = Resources;
			sourceTree = "<group>";
		};
		C480327C2C88498200E662AE = {
			isa = PBXGroup;
			children = (
				C48032872C88498200E662AE /* pharmacist_project */,
				C48032862C88498200E662AE /* Products */,
			);
			sourceTree = "<group>";
		};
		C48032862C88498200E662AE /* Products */ = {
			isa = PBXGroup;
			children = (
				C48032852C88498200E662AE /* pharmacist_project.app */,
			);
			name = Products;
			sourceTree = "<group>";
		};
		C48032872C88498200E662AE /* pharmacist_project */ = {
			isa = PBXGroup;
			children = (
				C40879C62C8981DC00829660 /* Resources */,
				C40879B12C897BED00829660 /* Models */,
				C48032972C884DF300E662AE /* Views */,
				C48032982C884E0300E662AE /* ViewModels */,
				C40879B22C897C0300829660 /* Services */,
				1994C0FA2C8980B3004EF663 /* Utils */,
				C48032882C88498200E662AE /* pharmacist_projectApp.swift */,
				C480328A2C88498200E662AE /* ContentView.swift */,
				C480328C2C88498400E662AE /* Assets.xcassets */,
				C480328E2C88498400E662AE /* Preview Content */,
			);
			path = pharmacist_project;
			sourceTree = "<group>";
		};
		C480328E2C88498400E662AE /* Preview Content */ = {
			isa = PBXGroup;
			children = (
				C480328F2C88498400E662AE /* Preview Assets.xcassets */,
			);
			path = "Preview Content";
			sourceTree = "<group>";
		};
		C48032972C884DF300E662AE /* Views */ = {
			isa = PBXGroup;
			children = (
				C4F06C122C8AC56400BDB1F8 /* Component */,
				19A159DB2C897F5E0025681C /* Splashscreen */,
				C480329C2C884F0A00E662AE /* Authentication */,
				1994C0F62C898079004EF663 /* Home */,
				C40879B62C897C3300829660 /* Cart */,
				C40879B52C897C2D00829660 /* Order */,
			);
			path = Views;
			sourceTree = "<group>";
		};
		C48032982C884E0300E662AE /* ViewModels */ = {
			isa = PBXGroup;
			children = (
				C40879B82C897C6F00829660 /* AuthenticationViewModel.swift */,
			);
			path = ViewModels;
			sourceTree = "<group>";
		};
		C480329C2C884F0A00E662AE /* Authentication */ = {
			isa = PBXGroup;
			children = (
				C480329D2C884FFB00E662AE /* LoginView.swift */,
				C480329F2C8850F300E662AE /* RegistrationView.swift */,
			);
			path = Authentication;
			sourceTree = "<group>";
		};
		C4F06C122C8AC56400BDB1F8 /* Component */ = {
			isa = PBXGroup;
			children = (
				C4F06C132C8AC5F700BDB1F8 /* HorizontalProductItemCardView.swift */,
				C4F06C152C8AC66800BDB1F8 /* VerticalProductItemCardView.swift */,
			);
			path = Component;
			sourceTree = "<group>";
		};
/* End PBXGroup section */

/* Begin PBXNativeTarget section */
		C48032842C88498200E662AE /* pharmacist_project */ = {
			isa = PBXNativeTarget;
			buildConfigurationList = C48032932C88498400E662AE /* Build configuration list for PBXNativeTarget "pharmacist_project" */;
			buildPhases = (
				C48032812C88498200E662AE /* Sources */,
				C48032822C88498200E662AE /* Frameworks */,
				C48032832C88498200E662AE /* Resources */,
			);
			buildRules = (
			);
			dependencies = (
			);
			name = pharmacist_project;
			productName = pharmacist_project;
			productReference = C48032852C88498200E662AE /* pharmacist_project.app */;
			productType = "com.apple.product-type.application";
		};
/* End PBXNativeTarget section */

/* Begin PBXProject section */
		C480327D2C88498200E662AE /* Project object */ = {
			isa = PBXProject;
			attributes = {
				BuildIndependentTargetsInParallel = 1;
				LastSwiftUpdateCheck = 1540;
				LastUpgradeCheck = 1540;
				TargetAttributes = {
					C48032842C88498200E662AE = {
						CreatedOnToolsVersion = 15.4;
					};
				};
			};
			buildConfigurationList = C48032802C88498200E662AE /* Build configuration list for PBXProject "pharmacist_project" */;
			compatibilityVersion = "Xcode 14.0";
			developmentRegion = en;
			hasScannedForEncodings = 0;
			knownRegions = (
				en,
				Base,
			);
			mainGroup = C480327C2C88498200E662AE;
			productRefGroup = C48032862C88498200E662AE /* Products */;
			projectDirPath = "";
			projectRoot = "";
			targets = (
				C48032842C88498200E662AE /* pharmacist_project */,
			);
		};
/* End PBXProject section */

/* Begin PBXResourcesBuildPhase section */
		C48032832C88498200E662AE /* Resources */ = {
			isa = PBXResourcesBuildPhase;
			buildActionMask = 2147483647;
			files = (
				C48032902C88498400E662AE /* Preview Assets.xcassets in Resources */,
				C480328D2C88498400E662AE /* Assets.xcassets in Resources */,
			);
			runOnlyForDeploymentPostprocessing = 0;
		};
/* End PBXResourcesBuildPhase section */

/* Begin PBXSourcesBuildPhase section */
		C48032812C88498200E662AE /* Sources */ = {
			isa = PBXSourcesBuildPhase;
			buildActionMask = 2147483647;
			files = (
				C480329E2C884FFB00E662AE /* LoginView.swift in Sources */,
				C4F06C1A2C8AE0DC00BDB1F8 /* Currency.swift in Sources */,
				1994C1012C898732004EF663 /* CustomColors.swift in Sources */,
				19BE73A32C8AC5DE00C4E82D /* AddToCartButtonView.swift in Sources */,
				C40879BF2C897CE600829660 /* OrderView.swift in Sources */,
				C40879BD2C897CD500829660 /* CartView.swift in Sources */,
				C40879C12C897D1300829660 /* AuthenticationService.swift in Sources */,
				C4F06C162C8AC66800BDB1F8 /* VerticalProductItemCardView.swift in Sources */,
				C40879B92C897C6F00829660 /* AuthenticationViewModel.swift in Sources */,
				19BE73A52C8AC92200C4E82D /* CartItem.swift in Sources */,
				C4F06C182C8ACB7C00BDB1F8 /* Medicine.swift in Sources */,
				C480328B2C88498200E662AE /* ContentView.swift in Sources */,
				C48032892C88498200E662AE /* pharmacist_projectApp.swift in Sources */,
				C4F06C142C8AC5F700BDB1F8 /* HorizontalProductItemCardView.swift in Sources */,
				1994C0F82C89809B004EF663 /* homeView.swift in Sources */,
				19A159DC2C897F5E0025681C /* SplashscreenView.swift in Sources */,
				C40879C32C897D4300829660 /* User.swift in Sources */,
				19BE73A72C8AC9F300C4E82D /* CartItemCardView.swift in Sources */,
				C48032A02C8850F300E662AE /* RegistrationView.swift in Sources */,
			);
			runOnlyForDeploymentPostprocessing = 0;
		};
/* End PBXSourcesBuildPhase section */

/* Begin XCBuildConfiguration section */
		C48032912C88498400E662AE /* Debug */ = {
			isa = XCBuildConfiguration;
			buildSettings = {
				ALWAYS_SEARCH_USER_PATHS = NO;
				ASSETCATALOG_COMPILER_GENERATE_SWIFT_ASSET_SYMBOL_EXTENSIONS = YES;
				CLANG_ANALYZER_NONNULL = YES;
				CLANG_ANALYZER_NUMBER_OBJECT_CONVERSION = YES_AGGRESSIVE;
				CLANG_CXX_LANGUAGE_STANDARD = "gnu++20";
				CLANG_ENABLE_MODULES = YES;
				CLANG_ENABLE_OBJC_ARC = YES;
				CLANG_ENABLE_OBJC_WEAK = YES;
				CLANG_WARN_BLOCK_CAPTURE_AUTORELEASING = YES;
				CLANG_WARN_BOOL_CONVERSION = YES;
				CLANG_WARN_COMMA = YES;
				CLANG_WARN_CONSTANT_CONVERSION = YES;
				CLANG_WARN_DEPRECATED_OBJC_IMPLEMENTATIONS = YES;
				CLANG_WARN_DIRECT_OBJC_ISA_USAGE = YES_ERROR;
				CLANG_WARN_DOCUMENTATION_COMMENTS = YES;
				CLANG_WARN_EMPTY_BODY = YES;
				CLANG_WARN_ENUM_CONVERSION = YES;
				CLANG_WARN_INFINITE_RECURSION = YES;
				CLANG_WARN_INT_CONVERSION = YES;
				CLANG_WARN_NON_LITERAL_NULL_CONVERSION = YES;
				CLANG_WARN_OBJC_IMPLICIT_RETAIN_SELF = YES;
				CLANG_WARN_OBJC_LITERAL_CONVERSION = YES;
				CLANG_WARN_OBJC_ROOT_CLASS = YES_ERROR;
				CLANG_WARN_QUOTED_INCLUDE_IN_FRAMEWORK_HEADER = YES;
				CLANG_WARN_RANGE_LOOP_ANALYSIS = YES;
				CLANG_WARN_STRICT_PROTOTYPES = YES;
				CLANG_WARN_SUSPICIOUS_MOVE = YES;
				CLANG_WARN_UNGUARDED_AVAILABILITY = YES_AGGRESSIVE;
				CLANG_WARN_UNREACHABLE_CODE = YES;
				CLANG_WARN__DUPLICATE_METHOD_MATCH = YES;
				COPY_PHASE_STRIP = NO;
				DEBUG_INFORMATION_FORMAT = dwarf;
				ENABLE_STRICT_OBJC_MSGSEND = YES;
				ENABLE_TESTABILITY = YES;
				ENABLE_USER_SCRIPT_SANDBOXING = YES;
				GCC_C_LANGUAGE_STANDARD = gnu17;
				GCC_DYNAMIC_NO_PIC = NO;
				GCC_NO_COMMON_BLOCKS = YES;
				GCC_OPTIMIZATION_LEVEL = 0;
				GCC_PREPROCESSOR_DEFINITIONS = (
					"DEBUG=1",
					"$(inherited)",
				);
				GCC_WARN_64_TO_32_BIT_CONVERSION = YES;
				GCC_WARN_ABOUT_RETURN_TYPE = YES_ERROR;
				GCC_WARN_UNDECLARED_SELECTOR = YES;
				GCC_WARN_UNINITIALIZED_AUTOS = YES_AGGRESSIVE;
				GCC_WARN_UNUSED_FUNCTION = YES;
				GCC_WARN_UNUSED_VARIABLE = YES;
				IPHONEOS_DEPLOYMENT_TARGET = 17.5;
				LOCALIZATION_PREFERS_STRING_CATALOGS = YES;
				MTL_ENABLE_DEBUG_INFO = INCLUDE_SOURCE;
				MTL_FAST_MATH = YES;
				ONLY_ACTIVE_ARCH = YES;
				SDKROOT = iphoneos;
				SWIFT_ACTIVE_COMPILATION_CONDITIONS = "DEBUG $(inherited)";
				SWIFT_OPTIMIZATION_LEVEL = "-Onone";
			};
			name = Debug;
		};
		C48032922C88498400E662AE /* Release */ = {
			isa = XCBuildConfiguration;
			buildSettings = {
				ALWAYS_SEARCH_USER_PATHS = NO;
				ASSETCATALOG_COMPILER_GENERATE_SWIFT_ASSET_SYMBOL_EXTENSIONS = YES;
				CLANG_ANALYZER_NONNULL = YES;
				CLANG_ANALYZER_NUMBER_OBJECT_CONVERSION = YES_AGGRESSIVE;
				CLANG_CXX_LANGUAGE_STANDARD = "gnu++20";
				CLANG_ENABLE_MODULES = YES;
				CLANG_ENABLE_OBJC_ARC = YES;
				CLANG_ENABLE_OBJC_WEAK = YES;
				CLANG_WARN_BLOCK_CAPTURE_AUTORELEASING = YES;
				CLANG_WARN_BOOL_CONVERSION = YES;
				CLANG_WARN_COMMA = YES;
				CLANG_WARN_CONSTANT_CONVERSION = YES;
				CLANG_WARN_DEPRECATED_OBJC_IMPLEMENTATIONS = YES;
				CLANG_WARN_DIRECT_OBJC_ISA_USAGE = YES_ERROR;
				CLANG_WARN_DOCUMENTATION_COMMENTS = YES;
				CLANG_WARN_EMPTY_BODY = YES;
				CLANG_WARN_ENUM_CONVERSION = YES;
				CLANG_WARN_INFINITE_RECURSION = YES;
				CLANG_WARN_INT_CONVERSION = YES;
				CLANG_WARN_NON_LITERAL_NULL_CONVERSION = YES;
				CLANG_WARN_OBJC_IMPLICIT_RETAIN_SELF = YES;
				CLANG_WARN_OBJC_LITERAL_CONVERSION = YES;
				CLANG_WARN_OBJC_ROOT_CLASS = YES_ERROR;
				CLANG_WARN_QUOTED_INCLUDE_IN_FRAMEWORK_HEADER = YES;
				CLANG_WARN_RANGE_LOOP_ANALYSIS = YES;
				CLANG_WARN_STRICT_PROTOTYPES = YES;
				CLANG_WARN_SUSPICIOUS_MOVE = YES;
				CLANG_WARN_UNGUARDED_AVAILABILITY = YES_AGGRESSIVE;
				CLANG_WARN_UNREACHABLE_CODE = YES;
				CLANG_WARN__DUPLICATE_METHOD_MATCH = YES;
				COPY_PHASE_STRIP = NO;
				DEBUG_INFORMATION_FORMAT = "dwarf-with-dsym";
				ENABLE_NS_ASSERTIONS = NO;
				ENABLE_STRICT_OBJC_MSGSEND = YES;
				ENABLE_USER_SCRIPT_SANDBOXING = YES;
				GCC_C_LANGUAGE_STANDARD = gnu17;
				GCC_NO_COMMON_BLOCKS = YES;
				GCC_WARN_64_TO_32_BIT_CONVERSION = YES;
				GCC_WARN_ABOUT_RETURN_TYPE = YES_ERROR;
				GCC_WARN_UNDECLARED_SELECTOR = YES;
				GCC_WARN_UNINITIALIZED_AUTOS = YES_AGGRESSIVE;
				GCC_WARN_UNUSED_FUNCTION = YES;
				GCC_WARN_UNUSED_VARIABLE = YES;
				IPHONEOS_DEPLOYMENT_TARGET = 17.5;
				LOCALIZATION_PREFERS_STRING_CATALOGS = YES;
				MTL_ENABLE_DEBUG_INFO = NO;
				MTL_FAST_MATH = YES;
				SDKROOT = iphoneos;
				SWIFT_COMPILATION_MODE = wholemodule;
				VALIDATE_PRODUCT = YES;
			};
			name = Release;
		};
		C48032942C88498400E662AE /* Debug */ = {
			isa = XCBuildConfiguration;
			buildSettings = {
				ASSETCATALOG_COMPILER_APPICON_NAME = AppIcon;
				ASSETCATALOG_COMPILER_GLOBAL_ACCENT_COLOR_NAME = AccentColor;
				CODE_SIGN_STYLE = Automatic;
				CURRENT_PROJECT_VERSION = 1;
				DEVELOPMENT_ASSET_PATHS = "\"pharmacist_project/Preview Content\"";
				ENABLE_PREVIEWS = YES;
				GENERATE_INFOPLIST_FILE = YES;
				INFOPLIST_KEY_CFBundleDisplayName = "Smart Pharmacist";
				INFOPLIST_KEY_LSApplicationCategoryType = "public.app-category.medical";
				INFOPLIST_KEY_UIApplicationSceneManifest_Generation = YES;
				INFOPLIST_KEY_UIApplicationSupportsIndirectInputEvents = YES;
				INFOPLIST_KEY_UILaunchScreen_Generation = YES;
				INFOPLIST_KEY_UISupportedInterfaceOrientations_iPad = "UIInterfaceOrientationPortrait UIInterfaceOrientationPortraitUpsideDown UIInterfaceOrientationLandscapeLeft UIInterfaceOrientationLandscapeRight";
				INFOPLIST_KEY_UISupportedInterfaceOrientations_iPhone = "UIInterfaceOrientationPortrait UIInterfaceOrientationLandscapeLeft UIInterfaceOrientationLandscapeRight";
				LD_RUNPATH_SEARCH_PATHS = (
					"$(inherited)",
					"@executable_path/Frameworks",
				);
				MARKETING_VERSION = 1.0;
				PRODUCT_BUNDLE_IDENTIFIER = "com.droplet.pharmacist-project";
				PRODUCT_NAME = "$(TARGET_NAME)";
				SWIFT_EMIT_LOC_STRINGS = YES;
				SWIFT_VERSION = 5.0;
				TARGETED_DEVICE_FAMILY = "1,2";
			};
			name = Debug;
		};
		C48032952C88498400E662AE /* Release */ = {
			isa = XCBuildConfiguration;
			buildSettings = {
				ASSETCATALOG_COMPILER_APPICON_NAME = AppIcon;
				ASSETCATALOG_COMPILER_GLOBAL_ACCENT_COLOR_NAME = AccentColor;
				CODE_SIGN_STYLE = Automatic;
				CURRENT_PROJECT_VERSION = 1;
				DEVELOPMENT_ASSET_PATHS = "\"pharmacist_project/Preview Content\"";
				ENABLE_PREVIEWS = YES;
				GENERATE_INFOPLIST_FILE = YES;
				INFOPLIST_KEY_CFBundleDisplayName = "Smart Pharmacist";
				INFOPLIST_KEY_LSApplicationCategoryType = "public.app-category.medical";
				INFOPLIST_KEY_UIApplicationSceneManifest_Generation = YES;
				INFOPLIST_KEY_UIApplicationSupportsIndirectInputEvents = YES;
				INFOPLIST_KEY_UILaunchScreen_Generation = YES;
				INFOPLIST_KEY_UISupportedInterfaceOrientations_iPad = "UIInterfaceOrientationPortrait UIInterfaceOrientationPortraitUpsideDown UIInterfaceOrientationLandscapeLeft UIInterfaceOrientationLandscapeRight";
				INFOPLIST_KEY_UISupportedInterfaceOrientations_iPhone = "UIInterfaceOrientationPortrait UIInterfaceOrientationLandscapeLeft UIInterfaceOrientationLandscapeRight";
				LD_RUNPATH_SEARCH_PATHS = (
					"$(inherited)",
					"@executable_path/Frameworks",
				);
				MARKETING_VERSION = 1.0;
				PRODUCT_BUNDLE_IDENTIFIER = "com.droplet.pharmacist-project";
				PRODUCT_NAME = "$(TARGET_NAME)";
				SWIFT_EMIT_LOC_STRINGS = YES;
				SWIFT_VERSION = 5.0;
				TARGETED_DEVICE_FAMILY = "1,2";
			};
			name = Release;
		};
/* End XCBuildConfiguration section */

/* Begin XCConfigurationList section */
		C48032802C88498200E662AE /* Build configuration list for PBXProject "pharmacist_project" */ = {
			isa = XCConfigurationList;
			buildConfigurations = (
				C48032912C88498400E662AE /* Debug */,
				C48032922C88498400E662AE /* Release */,
			);
			defaultConfigurationIsVisible = 0;
			defaultConfigurationName = Release;
		};
		C48032932C88498400E662AE /* Build configuration list for PBXNativeTarget "pharmacist_project" */ = {
			isa = XCConfigurationList;
			buildConfigurations = (
				C48032942C88498400E662AE /* Debug */,
				C48032952C88498400E662AE /* Release */,
			);
			defaultConfigurationIsVisible = 0;
			defaultConfigurationName = Release;
		};
/* End XCConfigurationList section */
	};
	rootObject = C480327D2C88498200E662AE /* Project object */;
}
